
Microsoft Visual Studio Solution File, Format Version 12.00
# Visual Studio 15
VisualStudioVersion = 15.0.27130.2026
MinimumVisualStudioVersion = 10.0.40219.1
Project("{FAE04EC0-301F-11D3-BF4B-00C04F79EFBC}") = "WCFClient1", "WCFClient1\WCFClient1.csproj", "{4B0EF621-B49F-4008-B9A6-DB44EB474C4F}"
	ProjectSection(ProjectDependencies) = postProject
		{A024E31D-0FA4-4CDE-8CBF-B25069937176} = {A024E31D-0FA4-4CDE-8CBF-B25069937176}
	EndProjectSection
EndProject
Project("{FAE04EC0-301F-11D3-BF4B-00C04F79EFBC}") = "WCFService1", "WCFService1\WCFService1.csproj", "{A024E31D-0FA4-4CDE-8CBF-B25069937176}"
EndProject
Global
	GlobalSection(SolutionConfigurationPlatforms) = preSolution
		Debug|Any CPU = Debug|Any CPU
		Release|Any CPU = Release|Any CPU
	EndGlobalSection
	GlobalSection(ProjectConfigurationPlatforms) = postSolution
		{4B0EF621-B49F-4008-B9A6-DB44EB474C4F}.Debug|Any CPU.ActiveCfg = Debug|Any CPU
		{4B0EF621-B49F-4008-B9A6-DB44EB474C4F}.Debug|Any CPU.Build.0 = Debug|Any CPU
		{4B0EF621-B49F-4008-B9A6-DB44EB474C4F}.Release|Any CPU.ActiveCfg = Release|Any CPU
		{4B0EF621-B49F-4008-B9A6-DB44EB474C4F}.Release|Any CPU.Build.0 = Release|Any CPU
		{A024E31D-0FA4-4CDE-8CBF-B25069937176}.Debug|Any CPU.ActiveCfg = Debug|Any CPU
		{A024E31D-0FA4-4CDE-8CBF-B25069937176}.Debug|Any CPU.Build.0 = Debug|Any CPU
		{A024E31D-0FA4-4CDE-8CBF-B25069937176}.Release|Any CPU.ActiveCfg = Release|Any CPU
		{A024E31D-0FA4-4CDE-8CBF-B25069937176}.Release|Any CPU.Build.0 = Release|Any CPU
	EndGlobalSection
	GlobalSection(SolutionProperties) = preSolution
		HideSolutionNode = FALSE
	EndGlobalSection
	GlobalSection(ExtensibilityGlobals) = postSolution
		SolutionGuid = {BB0808C8-D233-4A85-B19C-156457A6EE2E}
	EndGlobalSection
EndGlobal
